
Microsoft Visual Studio Solution File, Format Version 12.00
# Visual Studio 15
VisualStudioVersion = 15.0.26730.15
MinimumVisualStudioVersion = 10.0.40219.1
Project("{2150E333-8FDC-42A3-9474-1A3956D46DE8}") = "Solution Items", "Solution Items", "{A92CAC3D-5C81-48BE-9A9E-BC8717D3B054}"
	ProjectSection(SolutionItems) = preProject
		appveyor.yml = appveyor.yml
		NuGet.Config = NuGet.Config
		README.md = README.md
	EndProjectSection
EndProject
Project("{FAE04EC0-301F-11D3-BF4B-00C04F79EFBC}") = "toofz.NecroDancer.Leaderboards.Data", "toofz.NecroDancer.Leaderboards.Data\toofz.NecroDancer.Leaderboards.Data.csproj", "{1A47F783-9CF2-48B5-B477-C393F07626BF}"
EndProject
Global
	GlobalSection(SolutionConfigurationPlatforms) = preSolution
		Debug|Any CPU = Debug|Any CPU
		Release|Any CPU = Release|Any CPU
	EndGlobalSection
	GlobalSection(ProjectConfigurationPlatforms) = postSolution
		{1A47F783-9CF2-48B5-B477-C393F07626BF}.Debug|Any CPU.ActiveCfg = Debug|Any CPU
		{1A47F783-9CF2-48B5-B477-C393F07626BF}.Debug|Any CPU.Build.0 = Debug|Any CPU
		{1A47F783-9CF2-48B5-B477-C393F07626BF}.Release|Any CPU.ActiveCfg = Release|Any CPU
		{1A47F783-9CF2-48B5-B477-C393F07626BF}.Release|Any CPU.Build.0 = Release|Any CPU
	EndGlobalSection
	GlobalSection(SolutionProperties) = preSolution
		HideSolutionNode = FALSE
	EndGlobalSection
	GlobalSection(ExtensibilityGlobals) = postSolution
		EnterpriseLibraryConfigurationToolBinariesPathV6 = packages\EnterpriseLibrary.TransientFaultHandling.6.0.1304.0\lib\portable-net45+win+wp8
		SolutionGuid = {1888CCE5-5C61-4ABA-9AA3-9A496D46CBF4}
	EndGlobalSection
EndGlobal
